{
  "lockfile_version": "1",
  "packages": {
    "doppler@3.69.0": {
      "last_modified": "2024-09-10T15:01:03Z",
      "resolved": "github:NixOS/nixpkgs/5ed627539ac84809c78b2dd6d26a5cebeb5ae269#doppler",
      "source": "devbox-search",
      "version": "3.69.0",
      "systems": {
        "aarch64-darwin": {
          "outputs": [
            {
              "name": "out",
              "path": "/nix/store/w0h5iqs8ql677m0m5silscp4sq1xcrq5-doppler-3.69.0",
              "default": true
            }
          ],
          "store_path": "/nix/store/w0h5iqs8ql677m0m5silscp4sq1xcrq5-doppler-3.69.0"
        },
        "aarch64-linux": {
          "outputs": [
            {
              "name": "out",
              "path": "/nix/store/6ffk236csazdzln3adv9c6sh1lw4gvlr-doppler-3.69.0",
              "default": true
            }
          ],
          "store_path": "/nix/store/6ffk236csazdzln3adv9c6sh1lw4gvlr-doppler-3.69.0"
        },
        "x86_64-darwin": {
          "outputs": [
            {
              "name": "out",
              "path": "/nix/store/a5rwgl26rmmk9mjhrm7aprcr8ykdb2bs-doppler-3.69.0",
              "default": true
            }
          ],
          "store_path": "/nix/store/a5rwgl26rmmk9mjhrm7aprcr8ykdb2bs-doppler-3.69.0"
        },
        "x86_64-linux": {
          "outputs": [
            {
              "name": "out",
              "path": "/nix/store/pjww3biwswy0cri8z4xyxsyf3miid27v-doppler-3.69.0",
              "default": true
            }
          ],
          "store_path": "/nix/store/pjww3biwswy0cri8z4xyxsyf3miid27v-doppler-3.69.0"
        }
      }
    },
    "github:NixOS/nixpkgs/nixpkgs-unstable": {
      "resolved": "github:NixOS/nixpkgs/359c442b7d1f6229c1dc978116d32d6c07fe8440?lastModified=1747696584&narHash=sha256-TvJjbLlQ5aAHS3ZdP8mztNs28cMGWdT3J9g%2F6li3%2F4I%3D"
    },
    "nodejs@22.8.0": {
      "last_modified": "2024-09-10T15:01:03Z",
      "plugin_version": "0.0.2",
      "resolved": "github:NixOS/nixpkgs/5ed627539ac84809c78b2dd6d26a5cebeb5ae269#nodejs_22",
      "source": "devbox-search",
      "version": "22.8.0",
      "systems": {
        "aarch64-darwin": {
          "outputs": [
            {
              "name": "out",
              "path": "/nix/store/4r8kqr24z88m1xjbb1qf19p1mi6q35lp-nodejs-22.8.0",
              "default": true
            },
            {
              "name": "libv8",
              "path": "/nix/store/rqpibvqcpjxx26ls9kmdq1fr5yckss9l-nodejs-22.8.0-libv8"
            }
          ],
          "store_path": "/nix/store/4r8kqr24z88m1xjbb1qf19p1mi6q35lp-nodejs-22.8.0"
        },
        "aarch64-linux": {
          "outputs": [
            {
              "name": "out",
              "path": "/nix/store/1wzl2brm8p6sb5b3wsdnn02m56cq36d4-nodejs-22.8.0",
              "default": true
            },
            {
              "name": "libv8",
              "path": "/nix/store/4dwa28gc3w0gr672pcf3j4lfncymdqjf-nodejs-22.8.0-libv8"
            }
          ],
          "store_path": "/nix/store/1wzl2brm8p6sb5b3wsdnn02m56cq36d4-nodejs-22.8.0"
        },
        "x86_64-darwin": {
          "outputs": [
            {
              "name": "out",
              "path": "/nix/store/mcdq9d48r8c2j29zgr7i80vnjzwh2lc3-nodejs-22.8.0",
              "default": true
            },
            {
              "name": "libv8",
              "path": "/nix/store/16kfmgbsspjg1kpdvf9np5v2h371dh40-nodejs-22.8.0-libv8"
            }
          ],
          "store_path": "/nix/store/mcdq9d48r8c2j29zgr7i80vnjzwh2lc3-nodejs-22.8.0"
        },
        "x86_64-linux": {
          "outputs": [
            {
              "name": "out",
              "path": "/nix/store/xsrv93rg8vi05k9ig6v9mcvcyn01n6n2-nodejs-22.8.0",
              "default": true
            },
            {
              "name": "libv8",
              "path": "/nix/store/gp8fkyafy0anm5pgdcq2x3qs2fm8syhl-nodejs-22.8.0-libv8"
            }
          ],
          "store_path": "/nix/store/xsrv93rg8vi05k9ig6v9mcvcyn01n6n2-nodejs-22.8.0"
        }
      }
    },
    "python@3.12": {
      "last_modified": "2024-09-10T15:01:03Z",
      "plugin_version": "0.0.4",
      "resolved": "github:NixOS/nixpkgs/5ed627539ac84809c78b2dd6d26a5cebeb5ae269#python3",
      "source": "devbox-search",
      "version": "3.12.5",
      "systems": {
        "aarch64-darwin": {
          "outputs": [
            {
              "name": "out",
              "path": "/nix/store/9pj4rzx5pbynkkxq1srzwjhywmcfxws3-python3-3.12.5",
              "default": true
            }
          ],
          "store_path": "/nix/store/9pj4rzx5pbynkkxq1srzwjhywmcfxws3-python3-3.12.5"
        },
        "aarch64-linux": {
          "outputs": [
            {
              "name": "out",
              "path": "/nix/store/6iq3nhgdyp8a5wzwf097zf2mn4zyqxr6-python3-3.12.5",
              "default": true
            },
            {
              "name": "debug",
              "path": "/nix/store/xc4hygp28y7g1rvjf0vi7fj0d83a75pj-python3-3.12.5-debug"
            }
          ],
          "store_path": "/nix/store/6iq3nhgdyp8a5wzwf097zf2mn4zyqxr6-python3-3.12.5"
        },
        "x86_64-darwin": {
          "outputs": [
            {
              "name": "out",
              "path": "/nix/store/ks8acr22s4iggnmvxydm5czl30racy32-python3-3.12.5",
              "default": true
            }
          ],
          "store_path": "/nix/store/ks8acr22s4iggnmvxydm5czl30racy32-python3-3.12.5"
        },
        "x86_64-linux": {
          "outputs": [
            {
              "name": "out",
              "path": "/nix/store/h3i0acpmr8mrjx07519xxmidv8mpax4y-python3-3.12.5",
              "default": true
            },
            {
              "name": "debug",
              "path": "/nix/store/0a39pi2s6kxqc3kjjz2y9yzibd62zhhb-python3-3.12.5-debug"
            }
          ],
          "store_path": "/nix/store/h3i0acpmr8mrjx07519xxmidv8mpax4y-python3-3.12.5"
        }
      }
    },
    "terraform@1.9.5": {
      "last_modified": "2024-09-10T15:01:03Z",
      "resolved": "github:NixOS/nixpkgs/5ed627539ac84809c78b2dd6d26a5cebeb5ae269#terraform",
      "source": "devbox-search",
      "version": "1.9.5",
      "systems": {
        "aarch64-darwin": {
          "outputs": [
            {
              "name": "out",
              "path": "/nix/store/k0am266rd0k03j0y2j5i20dp7mq5pdfp-terraform-1.9.5",
              "default": true
            }
          ],
          "store_path": "/nix/store/k0am266rd0k03j0y2j5i20dp7mq5pdfp-terraform-1.9.5"
        },
        "aarch64-linux": {
          "outputs": [
            {
              "name": "out",
              "path": "/nix/store/lb600i7wqs43m7lh694wxrxh5l4d2znd-terraform-1.9.5",
              "default": true
            }
          ],
          "store_path": "/nix/store/lb600i7wqs43m7lh694wxrxh5l4d2znd-terraform-1.9.5"
        },
        "x86_64-darwin": {
          "outputs": [
            {
              "name": "out",
              "path": "/nix/store/7i9yhk1apfkpibfkm7zr1khi32ydbfa7-terraform-1.9.5",
              "default": true
            }
          ],
          "store_path": "/nix/store/7i9yhk1apfkpibfkm7zr1khi32ydbfa7-terraform-1.9.5"
        },
        "x86_64-linux": {
          "outputs": [
            {
              "name": "out",
              "path": "/nix/store/0z5pjr7fd0jdh6yrg7qbf48620qqd1m5-terraform-1.9.5",
              "default": true
            }
          ],
          "store_path": "/nix/store/0z5pjr7fd0jdh6yrg7qbf48620qqd1m5-terraform-1.9.5"
        }
      }
    },
    "tflint@0.52.0": {
      "last_modified": "2024-09-10T15:01:03Z",
      "resolved": "github:NixOS/nixpkgs/5ed627539ac84809c78b2dd6d26a5cebeb5ae269#tflint",
      "source": "devbox-search",
      "version": "0.52.0",
      "systems": {
        "aarch64-darwin": {
          "outputs": [
            {
              "name": "out",
              "path": "/nix/store/1p5pnkp7vkv6m9n6wcgy5g72s6w4kjrk-tflint-0.52.0",
              "default": true
            }
          ],
          "store_path": "/nix/store/1p5pnkp7vkv6m9n6wcgy5g72s6w4kjrk-tflint-0.52.0"
        },
        "aarch64-linux": {
          "outputs": [
            {
              "name": "out",
              "path": "/nix/store/cr47idvsj8my8g0s48999jwhhbqaxdcx-tflint-0.52.0",
              "default": true
            }
          ],
          "store_path": "/nix/store/cr47idvsj8my8g0s48999jwhhbqaxdcx-tflint-0.52.0"
        },
        "x86_64-darwin": {
          "outputs": [
            {
              "name": "out",
              "path": "/nix/store/073hpg799ibp1vxcm75fxv5g21y2rify-tflint-0.52.0",
              "default": true
            }
          ],
          "store_path": "/nix/store/073hpg799ibp1vxcm75fxv5g21y2rify-tflint-0.52.0"
        },
        "x86_64-linux": {
          "outputs": [
            {
              "name": "out",
              "path": "/nix/store/6dh6rb7mmmpb9zsxgyg5z7bjpbgi0vww-tflint-0.52.0",
              "default": true
            }
          ],
          "store_path": "/nix/store/6dh6rb7mmmpb9zsxgyg5z7bjpbgi0vww-tflint-0.52.0"
        }
      }
    },
    "yarn@1.22.22": {
      "last_modified": "2024-09-10T15:01:03Z",
      "resolved": "github:NixOS/nixpkgs/5ed627539ac84809c78b2dd6d26a5cebeb5ae269#yarn",
      "source": "devbox-search",
      "version": "1.22.22",
      "systems": {
        "aarch64-darwin": {
          "outputs": [
            {
              "name": "out",
              "path": "/nix/store/6j0fflbrszc5k5kd7m36mn9ga6ds8zmr-yarn-1.22.22",
              "default": true
            }
          ],
          "store_path": "/nix/store/6j0fflbrszc5k5kd7m36mn9ga6ds8zmr-yarn-1.22.22"
        },
        "aarch64-linux": {
          "outputs": [
            {
              "name": "out",
              "path": "/nix/store/d1f5qfjkc24v2ng46x0qjsbiwrdfa6d3-yarn-1.22.22",
              "default": true
            }
          ],
          "store_path": "/nix/store/d1f5qfjkc24v2ng46x0qjsbiwrdfa6d3-yarn-1.22.22"
        },
        "x86_64-darwin": {
          "outputs": [
            {
              "name": "out",
              "path": "/nix/store/vfi9zsfiwq5yia28nx04zdmr9ij6nhi3-yarn-1.22.22",
              "default": true
            }
          ],
          "store_path": "/nix/store/vfi9zsfiwq5yia28nx04zdmr9ij6nhi3-yarn-1.22.22"
        },
        "x86_64-linux": {
          "outputs": [
            {
              "name": "out",
              "path": "/nix/store/9yd6frl42syv6vncdy619zblj2vg406g-yarn-1.22.22",
              "default": true
            }
          ],
          "store_path": "/nix/store/9yd6frl42syv6vncdy619zblj2vg406g-yarn-1.22.22"
        }
      }
    }
  }
}
